// !$*UTF8*$!
{
	archiveVersion = 1;
	classes = {
	};
	objectVersion = 51;
	objects = {

/* Begin PBXBuildFile section */
		B2AFAAA4E7DE2FB9AE06AAD6 /* Pods_InterestFormula.framework in Frameworks */ = {isa = PBXBuildFile; fileRef = 77BD2DFF91D4EFDCE475EC0E /* Pods_InterestFormula.framework */; };
		DB08020A245ADF1600754DC6 /* BusinessVC.swift in Sources */ = {isa = PBXBuildFile; fileRef = DB080209245ADF1600754DC6 /* BusinessVC.swift */; };
		DB08020C245ADF7300754DC6 /* AlaomfireManager.swift in Sources */ = {isa = PBXBuildFile; fileRef = DB08020B245ADF7300754DC6 /* AlaomfireManager.swift */; };
		DB08020F245ADF7A00754DC6 /* CurrencyValueModel.swift in Sources */ = {isa = PBXBuildFile; fileRef = DB08020D245ADF7A00754DC6 /* CurrencyValueModel.swift */; };
		DB080210245ADF7A00754DC6 /* CustomPickerView.swift in Sources */ = {isa = PBXBuildFile; fileRef = DB08020E245ADF7A00754DC6 /* CustomPickerView.swift */; };
		DB080212245FC50E00754DC6 /* TabBarVC.swift in Sources */ = {isa = PBXBuildFile; fileRef = DB080211245FC50E00754DC6 /* TabBarVC.swift */; };
		DB41A5DD247D146D00C394C3 /* moreVC.swift in Sources */ = {isa = PBXBuildFile; fileRef = DB41A5DC247D146D00C394C3 /* moreVC.swift */; };
		DB41A5DF247D1BB200C394C3 /* StoreKit.framework in Frameworks */ = {isa = PBXBuildFile; fileRef = DB41A5DE247D1BB200C394C3 /* StoreKit.framework */; };
		DB41A5E1247D1C2800C394C3 /* IAPManager.swift in Sources */ = {isa = PBXBuildFile; fileRef = DB41A5E0247D1C2800C394C3 /* IAPManager.swift */; };
		DB41A5E3247D1CA700C394C3 /* NVLoadingView.swift in Sources */ = {isa = PBXBuildFile; fileRef = DB41A5E2247D1CA700C394C3 /* NVLoadingView.swift */; };
		DB435056280918010096AF0D /* NetworkManager.swift in Sources */ = {isa = PBXBuildFile; fileRef = DB435055280918010096AF0D /* NetworkManager.swift */; };
		DB4904CA24580C18005207EB /* InterestRateVC.swift in Sources */ = {isa = PBXBuildFile; fileRef = DB4904C924580C18005207EB /* InterestRateVC.swift */; };
		DB4927EA2456DF9D0001E389 /* AppDelegate.swift in Sources */ = {isa = PBXBuildFile; fileRef = DB4927E92456DF9D0001E389 /* AppDelegate.swift */; };
		DB4927EE2456DF9D0001E389 /* LoanVC.swift in Sources */ = {isa = PBXBuildFile; fileRef = DB4927ED2456DF9D0001E389 /* LoanVC.swift */; };
		DB4927F12456DF9D0001E389 /* Main.storyboard in Resources */ = {isa = PBXBuildFile; fileRef = DB4927EF2456DF9D0001E389 /* Main.storyboard */; };
		DB4927F32456DF9E0001E389 /* Assets.xcassets in Resources */ = {isa = PBXBuildFile; fileRef = DB4927F22456DF9E0001E389 /* Assets.xcassets */; };
		DB4927F62456DF9E0001E389 /* LaunchScreen.storyboard in Resources */ = {isa = PBXBuildFile; fileRef = DB4927F42456DF9E0001E389 /* LaunchScreen.storyboard */; };
		DB4927FE2456EDE00001E389 /* CalculationVC.swift in Sources */ = {isa = PBXBuildFile; fileRef = DB4927FD2456EDE00001E389 /* CalculationVC.swift */; };
		DB4928002456F0220001E389 /* CalculationCell.swift in Sources */ = {isa = PBXBuildFile; fileRef = DB4927FF2456F0220001E389 /* CalculationCell.swift */; };
/* End PBXBuildFile section */

/* Begin PBXFileReference section */
		12E97DEF6343C7D149BA01F4 /* Pods-InterestFormula.release.xcconfig */ = {isa = PBXFileReference; includeInIndex = 1; lastKnownFileType = text.xcconfig; name = "Pods-InterestFormula.release.xcconfig"; path = "Target Support Files/Pods-InterestFormula/Pods-InterestFormula.release.xcconfig"; sourceTree = "<group>"; };
		77BD2DFF91D4EFDCE475EC0E /* Pods_InterestFormula.framework */ = {isa = PBXFileReference; explicitFileType = wrapper.framework; includeInIndex = 0; path = Pods_InterestFormula.framework; sourceTree = BUILT_PRODUCTS_DIR; };
		8E676195051F6F4C39C40884 /* Pods-InterestFormula.debug.xcconfig */ = {isa = PBXFileReference; includeInIndex = 1; lastKnownFileType = text.xcconfig; name = "Pods-InterestFormula.debug.xcconfig"; path = "Target Support Files/Pods-InterestFormula/Pods-InterestFormula.debug.xcconfig"; sourceTree = "<group>"; };
		DB080209245ADF1600754DC6 /* BusinessVC.swift */ = {isa = PBXFileReference; fileEncoding = 4; lastKnownFileType = sourcecode.swift; path = BusinessVC.swift; sourceTree = "<group>"; };
		DB08020B245ADF7300754DC6 /* AlaomfireManager.swift */ = {isa = PBXFileReference; fileEncoding = 4; lastKnownFileType = sourcecode.swift; path = AlaomfireManager.swift; sourceTree = "<group>"; };
		DB08020D245ADF7A00754DC6 /* CurrencyValueModel.swift */ = {isa = PBXFileReference; fileEncoding = 4; lastKnownFileType = sourcecode.swift; path = CurrencyValueModel.swift; sourceTree = "<group>"; };
		DB08020E245ADF7A00754DC6 /* CustomPickerView.swift */ = {isa = PBXFileReference; fileEncoding = 4; lastKnownFileType = sourcecode.swift; path = CustomPickerView.swift; sourceTree = "<group>"; };
		DB080211245FC50E00754DC6 /* TabBarVC.swift */ = {isa = PBXFileReference; lastKnownFileType = sourcecode.swift; path = TabBarVC.swift; sourceTree = "<group>"; };
		DB41A5DC247D146D00C394C3 /* moreVC.swift */ = {isa = PBXFileReference; lastKnownFileType = sourcecode.swift; path = moreVC.swift; sourceTree = "<group>"; };
		DB41A5DE247D1BB200C394C3 /* StoreKit.framework */ = {isa = PBXFileReference; lastKnownFileType = wrapper.framework; name = StoreKit.framework; path = System/Library/Frameworks/StoreKit.framework; sourceTree = SDKROOT; };
		DB41A5E0247D1C2800C394C3 /* IAPManager.swift */ = {isa = PBXFileReference; fileEncoding = 4; lastKnownFileType = sourcecode.swift; path = IAPManager.swift; sourceTree = "<group>"; };
		DB41A5E2247D1CA700C394C3 /* NVLoadingView.swift */ = {isa = PBXFileReference; fileEncoding = 4; lastKnownFileType = sourcecode.swift; path = NVLoadingView.swift; sourceTree = "<group>"; };
		DB435055280918010096AF0D /* NetworkManager.swift */ = {isa = PBXFileReference; lastKnownFileType = sourcecode.swift; path = NetworkManager.swift; sourceTree = "<group>"; };
		DB4904C924580C18005207EB /* InterestRateVC.swift */ = {isa = PBXFileReference; lastKnownFileType = sourcecode.swift; path = InterestRateVC.swift; sourceTree = "<group>"; };
		DB4927E62456DF9D0001E389 /* 貸款計算器.app */ = {isa = PBXFileReference; explicitFileType = wrapper.application; includeInIndex = 0; path = "貸款計算器.app"; sourceTree = BUILT_PRODUCTS_DIR; };
		DB4927E92456DF9D0001E389 /* AppDelegate.swift */ = {isa = PBXFileReference; lastKnownFileType = sourcecode.swift; path = AppDelegate.swift; sourceTree = "<group>"; };
		DB4927ED2456DF9D0001E389 /* LoanVC.swift */ = {isa = PBXFileReference; lastKnownFileType = sourcecode.swift; path = LoanVC.swift; sourceTree = "<group>"; };
		DB4927F02456DF9D0001E389 /* Base */ = {isa = PBXFileReference; lastKnownFileType = file.storyboard; name = Base; path = Base.lproj/Main.storyboard; sourceTree = "<group>"; };
		DB4927F22456DF9E0001E389 /* Assets.xcassets */ = {isa = PBXFileReference; lastKnownFileType = folder.assetcatalog; path = Assets.xcassets; sourceTree = "<group>"; };
		DB4927F52456DF9E0001E389 /* Base */ = {isa = PBXFileReference; lastKnownFileType = file.storyboard; name = Base; path = Base.lproj/LaunchScreen.storyboard; sourceTree = "<group>"; };
		DB4927F72456DF9E0001E389 /* Info.plist */ = {isa = PBXFileReference; lastKnownFileType = text.plist.xml; path = Info.plist; sourceTree = "<group>"; };
		DB4927FD2456EDE00001E389 /* CalculationVC.swift */ = {isa = PBXFileReference; lastKnownFileType = sourcecode.swift; path = CalculationVC.swift; sourceTree = "<group>"; };
		DB4927FF2456F0220001E389 /* CalculationCell.swift */ = {isa = PBXFileReference; lastKnownFileType = sourcecode.swift; path = CalculationCell.swift; sourceTree = "<group>"; };
/* End PBXFileReference section */

/* Begin PBXFrameworksBuildPhase section */
		DB4927E32456DF9D0001E389 /* Frameworks */ = {
			isa = PBXFrameworksBuildPhase;
			buildActionMask = 2147483647;
			files = (
				B2AFAAA4E7DE2FB9AE06AAD6 /* Pods_InterestFormula.framework in Frameworks */,
				DB41A5DF247D1BB200C394C3 /* StoreKit.framework in Frameworks */,
			);
			runOnlyForDeploymentPostprocessing = 0;
		};
/* End PBXFrameworksBuildPhase section */

/* Begin PBXGroup section */
		1189CA5A956226360FEA801C /* Frameworks */ = {
			isa = PBXGroup;
			children = (
				DB41A5DE247D1BB200C394C3 /* StoreKit.framework */,
				77BD2DFF91D4EFDCE475EC0E /* Pods_InterestFormula.framework */,
			);
			name = Frameworks;
			sourceTree = "<group>";
		};
		4EB4BB1773132A6CD97F39D4 /* Pods */ = {
			isa = PBXGroup;
			children = (
				8E676195051F6F4C39C40884 /* Pods-InterestFormula.debug.xcconfig */,
				12E97DEF6343C7D149BA01F4 /* Pods-InterestFormula.release.xcconfig */,
			);
			path = Pods;
			sourceTree = "<group>";
		};
		DB4927DD2456DF9D0001E389 = {
			isa = PBXGroup;
			children = (
				DB4927E82456DF9D0001E389 /* InterestFormula */,
				DB4927E72456DF9D0001E389 /* Products */,
				4EB4BB1773132A6CD97F39D4 /* Pods */,
				1189CA5A956226360FEA801C /* Frameworks */,
			);
			sourceTree = "<group>";
		};
		DB4927E72456DF9D0001E389 /* Products */ = {
			isa = PBXGroup;
			children = (
				DB4927E62456DF9D0001E389 /* 貸款計算器.app */,
			);
			name = Products;
			sourceTree = "<group>";
		};
		DB4927E82456DF9D0001E389 /* InterestFormula */ = {
			isa = PBXGroup;
			children = (
				DB4927E92456DF9D0001E389 /* AppDelegate.swift */,
				DB080211245FC50E00754DC6 /* TabBarVC.swift */,
				DB4927ED2456DF9D0001E389 /* LoanVC.swift */,
				DB4927FD2456EDE00001E389 /* CalculationVC.swift */,
				DB4927FF2456F0220001E389 /* CalculationCell.swift */,
				DB4904C924580C18005207EB /* InterestRateVC.swift */,
				DB080209245ADF1600754DC6 /* BusinessVC.swift */,
				DB41A5DC247D146D00C394C3 /* moreVC.swift */,
				DB08020B245ADF7300754DC6 /* AlaomfireManager.swift */,
				DB08020D245ADF7A00754DC6 /* CurrencyValueModel.swift */,
				DB08020E245ADF7A00754DC6 /* CustomPickerView.swift */,
				DB41A5E0247D1C2800C394C3 /* IAPManager.swift */,
				DB41A5E2247D1CA700C394C3 /* NVLoadingView.swift */,
				DB435055280918010096AF0D /* NetworkManager.swift */,
				DB4927EF2456DF9D0001E389 /* Main.storyboard */,
				DB4927F42456DF9E0001E389 /* LaunchScreen.storyboard */,
				DB4927F22456DF9E0001E389 /* Assets.xcassets */,
				DB4927F72456DF9E0001E389 /* Info.plist */,
			);
			path = InterestFormula;
			sourceTree = "<group>";
		};
/* End PBXGroup section */

/* Begin PBXNativeTarget section */
		DB4927E52456DF9D0001E389 /* InterestFormula */ = {
			isa = PBXNativeTarget;
			buildConfigurationList = DB4927FA2456DF9E0001E389 /* Build configuration list for PBXNativeTarget "InterestFormula" */;
			buildPhases = (
				334C00676CC819C1FB574091 /* [CP] Check Pods Manifest.lock */,
				DB4927E22456DF9D0001E389 /* Sources */,
				DB4927E32456DF9D0001E389 /* Frameworks */,
				DB4927E42456DF9D0001E389 /* Resources */,
				57BB34A86DB3201273653E31 /* [CP] Embed Pods Frameworks */,
			);
			buildRules = (
			);
			dependencies = (
			);
			name = InterestFormula;
			productName = InterestFormula;
			productReference = DB4927E62456DF9D0001E389 /* 貸款計算器.app */;
			productType = "com.apple.product-type.application";
		};
/* End PBXNativeTarget section */

/* Begin PBXProject section */
		DB4927DE2456DF9D0001E389 /* Project object */ = {
			isa = PBXProject;
			attributes = {
				LastSwiftUpdateCheck = 1140;
				LastUpgradeCheck = 1140;
				ORGANIZATIONNAME = "HellöM";
				TargetAttributes = {
					DB4927E52456DF9D0001E389 = {
						CreatedOnToolsVersion = 11.4;
					};
				};
			};
			buildConfigurationList = DB4927E12456DF9D0001E389 /* Build configuration list for PBXProject "InterestFormula" */;
			compatibilityVersion = "Xcode 9.3";
			developmentRegion = en;
			hasScannedForEncodings = 0;
			knownRegions = (
				en,
				Base,
			);
			mainGroup = DB4927DD2456DF9D0001E389;
			productRefGroup = DB4927E72456DF9D0001E389 /* Products */;
			projectDirPath = "";
			projectRoot = "";
			targets = (
				DB4927E52456DF9D0001E389 /* InterestFormula */,
			);
		};
/* End PBXProject section */

/* Begin PBXResourcesBuildPhase section */
		DB4927E42456DF9D0001E389 /* Resources */ = {
			isa = PBXResourcesBuildPhase;
			buildActionMask = 2147483647;
			files = (
				DB4927F62456DF9E0001E389 /* LaunchScreen.storyboard in Resources */,
				DB4927F32456DF9E0001E389 /* Assets.xcassets in Resources */,
				DB4927F12456DF9D0001E389 /* Main.storyboard in Resources */,
			);
			runOnlyForDeploymentPostprocessing = 0;
		};
/* End PBXResourcesBuildPhase section */

/* Begin PBXShellScriptBuildPhase section */
		334C00676CC819C1FB574091 /* [CP] Check Pods Manifest.lock */ = {
			isa = PBXShellScriptBuildPhase;
			buildActionMask = 2147483647;
			files = (
			);
			inputFileListPaths = (
			);
			inputPaths = (
				"${PODS_PODFILE_DIR_PATH}/Podfile.lock",
				"${PODS_ROOT}/Manifest.lock",
			);
			name = "[CP] Check Pods Manifest.lock";
			outputFileListPaths = (
			);
			outputPaths = (
				"$(DERIVED_FILE_DIR)/Pods-InterestFormula-checkManifestLockResult.txt",
			);
			runOnlyForDeploymentPostprocessing = 0;
			shellPath = /bin/sh;
			shellScript = "diff \"${PODS_PODFILE_DIR_PATH}/Podfile.lock\" \"${PODS_ROOT}/Manifest.lock\" > /dev/null\nif [ $? != 0 ] ; then\n    # print error to STDERR\n    echo \"error: The sandbox is not in sync with the Podfile.lock. Run 'pod install' or update your CocoaPods installation.\" >&2\n    exit 1\nfi\n# This output is used by Xcode 'outputs' to avoid re-running this script phase.\necho \"SUCCESS\" > \"${SCRIPT_OUTPUT_FILE_0}\"\n";
			showEnvVarsInLog = 0;
		};
		57BB34A86DB3201273653E31 /* [CP] Embed Pods Frameworks */ = {
			isa = PBXShellScriptBuildPhase;
			buildActionMask = 2147483647;
			files = (
			);
			inputFileListPaths = (
				"${PODS_ROOT}/Target Support Files/Pods-InterestFormula/Pods-InterestFormula-frameworks-${CONFIGURATION}-input-files.xcfilelist",
			);
			name = "[CP] Embed Pods Frameworks";
			outputFileListPaths = (
				"${PODS_ROOT}/Target Support Files/Pods-InterestFormula/Pods-InterestFormula-frameworks-${CONFIGURATION}-output-files.xcfilelist",
			);
			runOnlyForDeploymentPostprocessing = 0;
			shellPath = /bin/sh;
			shellScript = "\"${PODS_ROOT}/Target Support Files/Pods-InterestFormula/Pods-InterestFormula-frameworks.sh\"\n";
			showEnvVarsInLog = 0;
		};
/* End PBXShellScriptBuildPhase section */

/* Begin PBXSourcesBuildPhase section */
		DB4927E22456DF9D0001E389 /* Sources */ = {
			isa = PBXSourcesBuildPhase;
			buildActionMask = 2147483647;
			files = (
				DB41A5E1247D1C2800C394C3 /* IAPManager.swift in Sources */,
				DB4904CA24580C18005207EB /* InterestRateVC.swift in Sources */,
				DB4927EE2456DF9D0001E389 /* LoanVC.swift in Sources */,
				DB080212245FC50E00754DC6 /* TabBarVC.swift in Sources */,
				DB4927EA2456DF9D0001E389 /* AppDelegate.swift in Sources */,
				DB4927FE2456EDE00001E389 /* CalculationVC.swift in Sources */,
				DB08020F245ADF7A00754DC6 /* CurrencyValueModel.swift in Sources */,
				DB41A5E3247D1CA700C394C3 /* NVLoadingView.swift in Sources */,
				DB08020A245ADF1600754DC6 /* BusinessVC.swift in Sources */,
				DB080210245ADF7A00754DC6 /* CustomPickerView.swift in Sources */,
				DB435056280918010096AF0D /* NetworkManager.swift in Sources */,
				DB41A5DD247D146D00C394C3 /* moreVC.swift in Sources */,
				DB4928002456F0220001E389 /* CalculationCell.swift in Sources */,
				DB08020C245ADF7300754DC6 /* AlaomfireManager.swift in Sources */,
			);
			runOnlyForDeploymentPostprocessing = 0;
		};
/* End PBXSourcesBuildPhase section */

/* Begin PBXVariantGroup section */
		DB4927EF2456DF9D0001E389 /* Main.storyboard */ = {
			isa = PBXVariantGroup;
			children = (
				DB4927F02456DF9D0001E389 /* Base */,
			);
			name = Main.storyboard;
			sourceTree = "<group>";
		};
		DB4927F42456DF9E0001E389 /* LaunchScreen.storyboard */ = {
			isa = PBXVariantGroup;
			children = (
				DB4927F52456DF9E0001E389 /* Base */,
			);
			name = LaunchScreen.storyboard;
			sourceTree = "<group>";
		};
/* End PBXVariantGroup section */

/* Begin XCBuildConfiguration section */
		DB4927F82456DF9E0001E389 /* Debug */ = {
			isa = XCBuildConfiguration;
			buildSettings = {
				ALWAYS_SEARCH_USER_PATHS = NO;
				CLANG_ANALYZER_NONNULL = YES;
				CLANG_ANALYZER_NUMBER_OBJECT_CONVERSION = YES_AGGRESSIVE;
				CLANG_CXX_LANGUAGE_STANDARD = "gnu++14";
				CLANG_CXX_LIBRARY = "libc++";
				CLANG_ENABLE_MODULES = YES;
				CLANG_ENABLE_OBJC_ARC = YES;
				CLANG_ENABLE_OBJC_WEAK = YES;
				CLANG_WARN_BLOCK_CAPTURE_AUTORELEASING = YES;
				CLANG_WARN_BOOL_CONVERSION = YES;
				CLANG_WARN_COMMA = YES;
				CLANG_WARN_CONSTANT_CONVERSION = YES;
				CLANG_WARN_DEPRECATED_OBJC_IMPLEMENTATIONS = YES;
				CLANG_WARN_DIRECT_OBJC_ISA_USAGE = YES_ERROR;
				CLANG_WARN_DOCUMENTATION_COMMENTS = YES;
				CLANG_WARN_EMPTY_BODY = YES;
				CLANG_WARN_ENUM_CONVERSION = YES;
				CLANG_WARN_INFINITE_RECURSION = YES;
				CLANG_WARN_INT_CONVERSION = YES;
				CLANG_WARN_NON_LITERAL_NULL_CONVERSION = YES;
				CLANG_WARN_OBJC_IMPLICIT_RETAIN_SELF = YES;
				CLANG_WARN_OBJC_LITERAL_CONVERSION = YES;
				CLANG_WARN_OBJC_ROOT_CLASS = YES_ERROR;
				CLANG_WARN_RANGE_LOOP_ANALYSIS = YES;
				CLANG_WARN_STRICT_PROTOTYPES = YES;
				CLANG_WARN_SUSPICIOUS_MOVE = YES;
				CLANG_WARN_UNGUARDED_AVAILABILITY = YES_AGGRESSIVE;
				CLANG_WARN_UNREACHABLE_CODE = YES;
				CLANG_WARN__DUPLICATE_METHOD_MATCH = YES;
				COPY_PHASE_STRIP = NO;
				DEBUG_INFORMATION_FORMAT = dwarf;
				ENABLE_STRICT_OBJC_MSGSEND = YES;
				ENABLE_TESTABILITY = YES;
				GCC_C_LANGUAGE_STANDARD = gnu11;
				GCC_DYNAMIC_NO_PIC = NO;
				GCC_NO_COMMON_BLOCKS = YES;
				GCC_OPTIMIZATION_LEVEL = 0;
				GCC_PREPROCESSOR_DEFINITIONS = (
					"DEBUG=1",
					"$(inherited)",
				);
				GCC_WARN_64_TO_32_BIT_CONVERSION = YES;
				GCC_WARN_ABOUT_RETURN_TYPE = YES_ERROR;
				GCC_WARN_UNDECLARED_SELECTOR = YES;
				GCC_WARN_UNINITIALIZED_AUTOS = YES_AGGRESSIVE;
				GCC_WARN_UNUSED_FUNCTION = YES;
				GCC_WARN_UNUSED_VARIABLE = YES;
				IPHONEOS_DEPLOYMENT_TARGET = 13.4;
				MTL_ENABLE_DEBUG_INFO = INCLUDE_SOURCE;
				MTL_FAST_MATH = YES;
				ONLY_ACTIVE_ARCH = YES;
				SDKROOT = iphoneos;
				SWIFT_ACTIVE_COMPILATION_CONDITIONS = DEBUG;
				SWIFT_OPTIMIZATION_LEVEL = "-Onone";
			};
			name = Debug;
		};
		DB4927F92456DF9E0001E389 /* Release */ = {
			isa = XCBuildConfiguration;
			buildSettings = {
				ALWAYS_SEARCH_USER_PATHS = NO;
				CLANG_ANALYZER_NONNULL = YES;
				CLANG_ANALYZER_NUMBER_OBJECT_CONVERSION = YES_AGGRESSIVE;
				CLANG_CXX_LANGUAGE_STANDARD = "gnu++14";
				CLANG_CXX_LIBRARY = "libc++";
				CLANG_ENABLE_MODULES = YES;
				CLANG_ENABLE_OBJC_ARC = YES;
				CLANG_ENABLE_OBJC_WEAK = YES;
				CLANG_WARN_BLOCK_CAPTURE_AUTORELEASING = YES;
				CLANG_WARN_BOOL_CONVERSION = YES;
				CLANG_WARN_COMMA = YES;
				CLANG_WARN_CONSTANT_CONVERSION = YES;
				CLANG_WARN_DEPRECATED_OBJC_IMPLEMENTATIONS = YES;
				CLANG_WARN_DIRECT_OBJC_ISA_USAGE = YES_ERROR;
				CLANG_WARN_DOCUMENTATION_COMMENTS = YES;
				CLANG_WARN_EMPTY_BODY = YES;
				CLANG_WARN_ENUM_CONVERSION = YES;
				CLANG_WARN_INFINITE_RECURSION = YES;
				CLANG_WARN_INT_CONVERSION = YES;
				CLANG_WARN_NON_LITERAL_NULL_CONVERSION = YES;
				CLANG_WARN_OBJC_IMPLICIT_RETAIN_SELF = YES;
				CLANG_WARN_OBJC_LITERAL_CONVERSION = YES;
				CLANG_WARN_OBJC_ROOT_CLASS = YES_ERROR;
				CLANG_WARN_RANGE_LOOP_ANALYSIS = YES;
				CLANG_WARN_STRICT_PROTOTYPES = YES;
				CLANG_WARN_SUSPICIOUS_MOVE = YES;
				CLANG_WARN_UNGUARDED_AVAILABILITY = YES_AGGRESSIVE;
				CLANG_WARN_UNREACHABLE_CODE = YES;
				CLANG_WARN__DUPLICATE_METHOD_MATCH = YES;
				COPY_PHASE_STRIP = NO;
				DEBUG_INFORMATION_FORMAT = "dwarf-with-dsym";
				ENABLE_NS_ASSERTIONS = NO;
				ENABLE_STRICT_OBJC_MSGSEND = YES;
				GCC_C_LANGUAGE_STANDARD = gnu11;
				GCC_NO_COMMON_BLOCKS = YES;
				GCC_WARN_64_TO_32_BIT_CONVERSION = YES;
				GCC_WARN_ABOUT_RETURN_TYPE = YES_ERROR;
				GCC_WARN_UNDECLARED_SELECTOR = YES;
				GCC_WARN_UNINITIALIZED_AUTOS = YES_AGGRESSIVE;
				GCC_WARN_UNUSED_FUNCTION = YES;
				GCC_WARN_UNUSED_VARIABLE = YES;
				IPHONEOS_DEPLOYMENT_TARGET = 13.4;
				MTL_ENABLE_DEBUG_INFO = NO;
				MTL_FAST_MATH = YES;
				SDKROOT = iphoneos;
				SWIFT_COMPILATION_MODE = wholemodule;
				SWIFT_OPTIMIZATION_LEVEL = "-O";
				VALIDATE_PRODUCT = YES;
			};
			name = Release;
		};
		DB4927FB2456DF9E0001E389 /* Debug */ = {
			isa = XCBuildConfiguration;
			baseConfigurationReference = 8E676195051F6F4C39C40884 /* Pods-InterestFormula.debug.xcconfig */;
			buildSettings = {
				ASSETCATALOG_COMPILER_APPICON_NAME = AppIcon;
				CODE_SIGN_IDENTITY = "iPhone Distribution";
				"CODE_SIGN_IDENTITY[sdk=iphoneos*]" = "iPhone Distribution";
				CODE_SIGN_STYLE = Manual;
				CURRENT_PROJECT_VERSION = 2;
				DEVELOPMENT_TEAM = 38AMPUQ98F;
				"DEVELOPMENT_TEAM[sdk=iphoneos*]" = 38AMPUQ98F;
				INFOPLIST_FILE = InterestFormula/Info.plist;
				IPHONEOS_DEPLOYMENT_TARGET = 11.0;
				LD_RUNPATH_SEARCH_PATHS = (
					"$(inherited)",
					"@executable_path/Frameworks",
				);
				MARKETING_VERSION = 1.1.2;
				PRODUCT_BUNDLE_IDENTIFIER = uuu.HelloM.LoanCalculator;
				PRODUCT_NAME = "貸款計算器";
				PROVISIONING_PROFILE_SPECIFIER = LC_prod_2022.04.13;
				"PROVISIONING_PROFILE_SPECIFIER[sdk=iphoneos*]" = LC_prod_2023.05.26;
				SWIFT_VERSION = 5.0;
				TARGETED_DEVICE_FAMILY = "1,2";
			};
			name = Debug;
		};
		DB4927FC2456DF9E0001E389 /* Release */ = {
			isa = XCBuildConfiguration;
			baseConfigurationReference = 12E97DEF6343C7D149BA01F4 /* Pods-InterestFormula.release.xcconfig */;
			buildSettings = {
				ASSETCATALOG_COMPILER_APPICON_NAME = AppIcon;
				CODE_SIGN_IDENTITY = "iPhone Distribution";
				"CODE_SIGN_IDENTITY[sdk=iphoneos*]" = "iPhone Distribution";
				CODE_SIGN_STYLE = Manual;
				CURRENT_PROJECT_VERSION = 2;
				DEVELOPMENT_TEAM = 38AMPUQ98F;
				"DEVELOPMENT_TEAM[sdk=iphoneos*]" = 38AMPUQ98F;
				INFOPLIST_FILE = InterestFormula/Info.plist;
				IPHONEOS_DEPLOYMENT_TARGET = 11.0;
				LD_RUNPATH_SEARCH_PATHS = (
					"$(inherited)",
					"@executable_path/Frameworks",
				);
				MARKETING_VERSION = 1.1.2;
				PRODUCT_BUNDLE_IDENTIFIER = uuu.HelloM.LoanCalculator;
				PRODUCT_NAME = "貸款計算器";
				PROVISIONING_PROFILE_SPECIFIER = LC_prod_2022.04.13;
				"PROVISIONING_PROFILE_SPECIFIER[sdk=iphoneos*]" = LC_prod_2023.05.26;
				SWIFT_VERSION = 5.0;
				TARGETED_DEVICE_FAMILY = "1,2";
			};
			name = Release;
		};
/* End XCBuildConfiguration section */

/* Begin XCConfigurationList section */
		DB4927E12456DF9D0001E389 /* Build configuration list for PBXProject "InterestFormula" */ = {
			isa = XCConfigurationList;
			buildConfigurations = (
				DB4927F82456DF9E0001E389 /* Debug */,
				DB4927F92456DF9E0001E389 /* Release */,
			);
			defaultConfigurationIsVisible = 0;
			defaultConfigurationName = Release;
		};
		DB4927FA2456DF9E0001E389 /* Build configuration list for PBXNativeTarget "InterestFormula" */ = {
			isa = XCConfigurationList;
			buildConfigurations = (
				DB4927FB2456DF9E0001E389 /* Debug */,
				DB4927FC2456DF9E0001E389 /* Release */,
			);
			defaultConfigurationIsVisible = 0;
			defaultConfigurationName = Release;
		};
/* End XCConfigurationList section */
	};
	rootObject = DB4927DE2456DF9D0001E389 /* Project object */;
}
